
Microsoft Visual Studio Solution File, Format Version 12.00
# Visual Studio Version 17
VisualStudioVersion = 17.10.35013.160
MinimumVisualStudioVersion = 10.0.40219.1
Project("{9A19103F-16F7-4668-BE54-9A1E7A4F7556}") = "HRMS.UI", "HRMS.UI\HRMS.UI.csproj", "{772E9356-5E3B-4C47-A113-9173C0305B8C}"
EndProject
Project("{9A19103F-16F7-4668-BE54-9A1E7A4F7556}") = "HRMS.Business", "HRMS.Business\HRMS.Business.csproj", "{027088BE-2E75-41CF-B889-2834EEED842C}"
EndProject
Project("{9A19103F-16F7-4668-BE54-9A1E7A4F7556}") = "HRMS.DataAccess", "HRMS.DataAccess\HRMS.DataAccess.csproj", "{26177E7F-099D-448C-8A75-6FB1289569ED}"
EndProject
Project("{9A19103F-16F7-4668-BE54-9A1E7A4F7556}") = "HRMS.Entities", "HRMS.Entities\HRMS.Entities.csproj", "{6D8DC5C3-89A1-47D0-8EDC-9FA24640D696}"
EndProject
Global
	GlobalSection(SolutionConfigurationPlatforms) = preSolution
		Debug|Any CPU = Debug|Any CPU
		Release|Any CPU = Release|Any CPU
	EndGlobalSection
	GlobalSection(ProjectConfigurationPlatforms) = postSolution
		{772E9356-5E3B-4C47-A113-9173C0305B8C}.Debug|Any CPU.ActiveCfg = Debug|Any CPU
		{772E9356-5E3B-4C47-A113-9173C0305B8C}.Debug|Any CPU.Build.0 = Debug|Any CPU
		{772E9356-5E3B-4C47-A113-9173C0305B8C}.Release|Any CPU.ActiveCfg = Release|Any CPU
		{772E9356-5E3B-4C47-A113-9173C0305B8C}.Release|Any CPU.Build.0 = Release|Any CPU
		{027088BE-2E75-41CF-B889-2834EEED842C}.Debug|Any CPU.ActiveCfg = Debug|Any CPU
		{027088BE-2E75-41CF-B889-2834EEED842C}.Debug|Any CPU.Build.0 = Debug|Any CPU
		{027088BE-2E75-41CF-B889-2834EEED842C}.Release|Any CPU.ActiveCfg = Release|Any CPU
		{027088BE-2E75-41CF-B889-2834EEED842C}.Release|Any CPU.Build.0 = Release|Any CPU
		{26177E7F-099D-448C-8A75-6FB1289569ED}.Debug|Any CPU.ActiveCfg = Debug|Any CPU
		{26177E7F-099D-448C-8A75-6FB1289569ED}.Debug|Any CPU.Build.0 = Debug|Any CPU
		{26177E7F-099D-448C-8A75-6FB1289569ED}.Release|Any CPU.ActiveCfg = Release|Any CPU
		{26177E7F-099D-448C-8A75-6FB1289569ED}.Release|Any CPU.Build.0 = Release|Any CPU
		{6D8DC5C3-89A1-47D0-8EDC-9FA24640D696}.Debug|Any CPU.ActiveCfg = Debug|Any CPU
		{6D8DC5C3-89A1-47D0-8EDC-9FA24640D696}.Debug|Any CPU.Build.0 = Debug|Any CPU
		{6D8DC5C3-89A1-47D0-8EDC-9FA24640D696}.Release|Any CPU.ActiveCfg = Release|Any CPU
		{6D8DC5C3-89A1-47D0-8EDC-9FA24640D696}.Release|Any CPU.Build.0 = Release|Any CPU
	EndGlobalSection
	GlobalSection(SolutionProperties) = preSolution
		HideSolutionNode = FALSE
	EndGlobalSection
	GlobalSection(ExtensibilityGlobals) = postSolution
		SolutionGuid = {F42D0D65-2B57-4083-8DEB-E0E78FCC694E}
	EndGlobalSection
EndGlobal
